
Microsoft Visual Studio Solution File, Format Version 12.00
# Visual Studio Version 17
VisualStudioVersion = 17.3.32929.385
MinimumVisualStudioVersion = 10.0.40219.1
Project("{2150E333-8FDC-42A3-9474-1A3956D46DE8}") = "src", "src", "{C9F48C0A-B926-4EF5-B5B3-DC1907D2DC84}"
EndProject
Project("{2150E333-8FDC-42A3-9474-1A3956D46DE8}") = "tests", "tests", "{C3B23764-4B23-4884-A6B9-1E60A2D50B13}"
EndProject
Project("{2150E333-8FDC-42A3-9474-1A3956D46DE8}") = "Backend", "Backend", "{8F34B661-9236-4309-ADAA-5F37E0F95968}"
EndProject
Project("{2150E333-8FDC-42A3-9474-1A3956D46DE8}") = "Shared", "Shared", "{114EF909-8321-4A74-BE4F-3A0804932AD6}"
EndProject
Project("{9A19103F-16F7-4668-BE54-9A1E7A4F7556}") = "MeuLivroDeReceitas.Comunicacao", "src\Shared\MeuLivroDeReceitas.Comunicacao\MeuLivroDeReceitas.Comunicacao.csproj", "{ACC387CA-053B-4CD2-B2FF-9DA01A3C1807}"
EndProject
Project("{9A19103F-16F7-4668-BE54-9A1E7A4F7556}") = "MeuLivroDeReceitas.Excepetions", "MeuLivroDeReceitas.Excepetions\MeuLivroDeReceitas.Excepetions.csproj", "{16E5942E-6E63-4FE0-BB44-E255DFC23FFC}"
EndProject
Project("{9A19103F-16F7-4668-BE54-9A1E7A4F7556}") = "MeuLivroDeReceitas.Application", "MeuLivroDeReceitas.Application\MeuLivroDeReceitas.Application.csproj", "{89ECEEF0-2231-4597-A604-8759D6917E93}"
EndProject
Project("{9A19103F-16F7-4668-BE54-9A1E7A4F7556}") = "MeuLivroDeReceitas.Domain", "MeuLivroDeReceitas.Domain\MeuLivroDeReceitas.Domain.csproj", "{8744CBDC-A423-45B7-B7AF-4C17B06BF88A}"
EndProject
Project("{9A19103F-16F7-4668-BE54-9A1E7A4F7556}") = "MeuLivroDeReceitas.Infrastructure", "MeuLivroDeReceitas.Infrastructure\MeuLivroDeReceitas.Infrastructure.csproj", "{1FF6DE69-4D04-433B-82D4-CE71B0EF07E8}"
EndProject
Project("{9A19103F-16F7-4668-BE54-9A1E7A4F7556}") = "MeuLivroDeReceitas.API", "MeuLivroDeReceitas.API\MeuLivroDeReceitas.API.csproj", "{246D6B02-B848-481F-BA89-56F6903104E9}"
EndProject
Project("{9A19103F-16F7-4668-BE54-9A1E7A4F7556}") = "Validators.Test", "Validators.Test\Validators.Test.csproj", "{504CD46E-C461-46CD-9A08-BE51495F60DE}"
EndProject
Project("{9A19103F-16F7-4668-BE54-9A1E7A4F7556}") = "UseCases.Test", "tests\UseCases.Test\UseCases.Test.csproj", "{49185647-7817-4C1B-96D3-BA51D1E4CBE4}"
EndProject
Project("{9A19103F-16F7-4668-BE54-9A1E7A4F7556}") = "WebApi.Test", "tests\WebApi.Test\WebApi.Test.csproj", "{1DD827C1-2042-46E1-B5A7-1B2D7F6DC90D}"
EndProject
Project("{FAE04EC0-301F-11D3-BF4B-00C04F79EFBC}") = "Utilitario.ParaTestes", "tests\Utilitario.ParaTestes\Utilitario.ParaTestes.csproj", "{965517B2-9C9A-499B-BBFE-8BFF1DDC6D6B}"
EndProject
Global
	GlobalSection(SolutionConfigurationPlatforms) = preSolution
		Debug|Any CPU = Debug|Any CPU
		Release|Any CPU = Release|Any CPU
	EndGlobalSection
	GlobalSection(ProjectConfigurationPlatforms) = postSolution
		{ACC387CA-053B-4CD2-B2FF-9DA01A3C1807}.Debug|Any CPU.ActiveCfg = Debug|Any CPU
		{ACC387CA-053B-4CD2-B2FF-9DA01A3C1807}.Debug|Any CPU.Build.0 = Debug|Any CPU
		{ACC387CA-053B-4CD2-B2FF-9DA01A3C1807}.Release|Any CPU.ActiveCfg = Release|Any CPU
		{ACC387CA-053B-4CD2-B2FF-9DA01A3C1807}.Release|Any CPU.Build.0 = Release|Any CPU
		{16E5942E-6E63-4FE0-BB44-E255DFC23FFC}.Debug|Any CPU.ActiveCfg = Debug|Any CPU
		{16E5942E-6E63-4FE0-BB44-E255DFC23FFC}.Debug|Any CPU.Build.0 = Debug|Any CPU
		{16E5942E-6E63-4FE0-BB44-E255DFC23FFC}.Release|Any CPU.ActiveCfg = Release|Any CPU
		{16E5942E-6E63-4FE0-BB44-E255DFC23FFC}.Release|Any CPU.Build.0 = Release|Any CPU
		{89ECEEF0-2231-4597-A604-8759D6917E93}.Debug|Any CPU.ActiveCfg = Debug|Any CPU
		{89ECEEF0-2231-4597-A604-8759D6917E93}.Debug|Any CPU.Build.0 = Debug|Any CPU
		{89ECEEF0-2231-4597-A604-8759D6917E93}.Release|Any CPU.ActiveCfg = Release|Any CPU
		{89ECEEF0-2231-4597-A604-8759D6917E93}.Release|Any CPU.Build.0 = Release|Any CPU
		{8744CBDC-A423-45B7-B7AF-4C17B06BF88A}.Debug|Any CPU.ActiveCfg = Debug|Any CPU
		{8744CBDC-A423-45B7-B7AF-4C17B06BF88A}.Debug|Any CPU.Build.0 = Debug|Any CPU
		{8744CBDC-A423-45B7-B7AF-4C17B06BF88A}.Release|Any CPU.ActiveCfg = Release|Any CPU
		{8744CBDC-A423-45B7-B7AF-4C17B06BF88A}.Release|Any CPU.Build.0 = Release|Any CPU
		{1FF6DE69-4D04-433B-82D4-CE71B0EF07E8}.Debug|Any CPU.ActiveCfg = Debug|Any CPU
		{1FF6DE69-4D04-433B-82D4-CE71B0EF07E8}.Debug|Any CPU.Build.0 = Debug|Any CPU
		{1FF6DE69-4D04-433B-82D4-CE71B0EF07E8}.Release|Any CPU.ActiveCfg = Release|Any CPU
		{1FF6DE69-4D04-433B-82D4-CE71B0EF07E8}.Release|Any CPU.Build.0 = Release|Any CPU
		{246D6B02-B848-481F-BA89-56F6903104E9}.Debug|Any CPU.ActiveCfg = Debug|Any CPU
		{246D6B02-B848-481F-BA89-56F6903104E9}.Debug|Any CPU.Build.0 = Debug|Any CPU
		{246D6B02-B848-481F-BA89-56F6903104E9}.Release|Any CPU.ActiveCfg = Release|Any CPU
		{246D6B02-B848-481F-BA89-56F6903104E9}.Release|Any CPU.Build.0 = Release|Any CPU
		{504CD46E-C461-46CD-9A08-BE51495F60DE}.Debug|Any CPU.ActiveCfg = Debug|Any CPU
		{504CD46E-C461-46CD-9A08-BE51495F60DE}.Debug|Any CPU.Build.0 = Debug|Any CPU
		{504CD46E-C461-46CD-9A08-BE51495F60DE}.Release|Any CPU.ActiveCfg = Release|Any CPU
		{504CD46E-C461-46CD-9A08-BE51495F60DE}.Release|Any CPU.Build.0 = Release|Any CPU
		{49185647-7817-4C1B-96D3-BA51D1E4CBE4}.Debug|Any CPU.ActiveCfg = Debug|Any CPU
		{49185647-7817-4C1B-96D3-BA51D1E4CBE4}.Debug|Any CPU.Build.0 = Debug|Any CPU
		{49185647-7817-4C1B-96D3-BA51D1E4CBE4}.Release|Any CPU.ActiveCfg = Release|Any CPU
		{49185647-7817-4C1B-96D3-BA51D1E4CBE4}.Release|Any CPU.Build.0 = Release|Any CPU
		{1DD827C1-2042-46E1-B5A7-1B2D7F6DC90D}.Debug|Any CPU.ActiveCfg = Debug|Any CPU
		{1DD827C1-2042-46E1-B5A7-1B2D7F6DC90D}.Debug|Any CPU.Build.0 = Debug|Any CPU
		{1DD827C1-2042-46E1-B5A7-1B2D7F6DC90D}.Release|Any CPU.ActiveCfg = Release|Any CPU
		{1DD827C1-2042-46E1-B5A7-1B2D7F6DC90D}.Release|Any CPU.Build.0 = Release|Any CPU
		{965517B2-9C9A-499B-BBFE-8BFF1DDC6D6B}.Debug|Any CPU.ActiveCfg = Debug|Any CPU
		{965517B2-9C9A-499B-BBFE-8BFF1DDC6D6B}.Debug|Any CPU.Build.0 = Debug|Any CPU
		{965517B2-9C9A-499B-BBFE-8BFF1DDC6D6B}.Release|Any CPU.ActiveCfg = Release|Any CPU
		{965517B2-9C9A-499B-BBFE-8BFF1DDC6D6B}.Release|Any CPU.Build.0 = Release|Any CPU
	EndGlobalSection
	GlobalSection(SolutionProperties) = preSolution
		HideSolutionNode = FALSE
	EndGlobalSection
	GlobalSection(NestedProjects) = preSolution
		{8F34B661-9236-4309-ADAA-5F37E0F95968} = {C9F48C0A-B926-4EF5-B5B3-DC1907D2DC84}
		{114EF909-8321-4A74-BE4F-3A0804932AD6} = {C9F48C0A-B926-4EF5-B5B3-DC1907D2DC84}
		{ACC387CA-053B-4CD2-B2FF-9DA01A3C1807} = {114EF909-8321-4A74-BE4F-3A0804932AD6}
		{16E5942E-6E63-4FE0-BB44-E255DFC23FFC} = {114EF909-8321-4A74-BE4F-3A0804932AD6}
		{89ECEEF0-2231-4597-A604-8759D6917E93} = {8F34B661-9236-4309-ADAA-5F37E0F95968}
		{8744CBDC-A423-45B7-B7AF-4C17B06BF88A} = {8F34B661-9236-4309-ADAA-5F37E0F95968}
		{1FF6DE69-4D04-433B-82D4-CE71B0EF07E8} = {8F34B661-9236-4309-ADAA-5F37E0F95968}
		{246D6B02-B848-481F-BA89-56F6903104E9} = {8F34B661-9236-4309-ADAA-5F37E0F95968}
		{504CD46E-C461-46CD-9A08-BE51495F60DE} = {C3B23764-4B23-4884-A6B9-1E60A2D50B13}
		{49185647-7817-4C1B-96D3-BA51D1E4CBE4} = {C3B23764-4B23-4884-A6B9-1E60A2D50B13}
		{1DD827C1-2042-46E1-B5A7-1B2D7F6DC90D} = {C3B23764-4B23-4884-A6B9-1E60A2D50B13}
		{965517B2-9C9A-499B-BBFE-8BFF1DDC6D6B} = {C3B23764-4B23-4884-A6B9-1E60A2D50B13}
	EndGlobalSection
	GlobalSection(ExtensibilityGlobals) = postSolution
		SolutionGuid = {44133D05-EF45-4FEC-BFE7-0714B9F3B695}
	EndGlobalSection
EndGlobal
